
Microsoft Visual Studio Solution File, Format Version 12.00
# Visual Studio 15
VisualStudioVersion = 15.0.26124.0
MinimumVisualStudioVersion = 15.0.26124.0
Project("{FAE04EC0-301F-11D3-BF4B-00C04F79EFBC}") = "Repetite", "src\Repetite\Repetite.csproj", "{5E643D2D-B56C-4AB4-8BEC-508B5437ECCB}"
EndProject
Project("{FAE04EC0-301F-11D3-BF4B-00C04F79EFBC}") = "Repetite.Tests", "src\Repetite.Tests\Repetite.Tests.csproj", "{93D77D7F-75AC-403E-A960-9B9D29231820}"
EndProject
Global
	GlobalSection(SolutionConfigurationPlatforms) = preSolution
		Debug|Any CPU = Debug|Any CPU
		Debug|x64 = Debug|x64
		Debug|x86 = Debug|x86
		Release|Any CPU = Release|Any CPU
		Release|x64 = Release|x64
		Release|x86 = Release|x86
	EndGlobalSection
	GlobalSection(SolutionProperties) = preSolution
		HideSolutionNode = FALSE
	EndGlobalSection
	GlobalSection(ProjectConfigurationPlatforms) = postSolution
		{5E643D2D-B56C-4AB4-8BEC-508B5437ECCB}.Debug|Any CPU.ActiveCfg = Debug|Any CPU
		{5E643D2D-B56C-4AB4-8BEC-508B5437ECCB}.Debug|Any CPU.Build.0 = Debug|Any CPU
		{5E643D2D-B56C-4AB4-8BEC-508B5437ECCB}.Debug|x64.ActiveCfg = Debug|Any CPU
		{5E643D2D-B56C-4AB4-8BEC-508B5437ECCB}.Debug|x64.Build.0 = Debug|Any CPU
		{5E643D2D-B56C-4AB4-8BEC-508B5437ECCB}.Debug|x86.ActiveCfg = Debug|Any CPU
		{5E643D2D-B56C-4AB4-8BEC-508B5437ECCB}.Debug|x86.Build.0 = Debug|Any CPU
		{5E643D2D-B56C-4AB4-8BEC-508B5437ECCB}.Release|Any CPU.ActiveCfg = Release|Any CPU
		{5E643D2D-B56C-4AB4-8BEC-508B5437ECCB}.Release|Any CPU.Build.0 = Release|Any CPU
		{5E643D2D-B56C-4AB4-8BEC-508B5437ECCB}.Release|x64.ActiveCfg = Release|Any CPU
		{5E643D2D-B56C-4AB4-8BEC-508B5437ECCB}.Release|x64.Build.0 = Release|Any CPU
		{5E643D2D-B56C-4AB4-8BEC-508B5437ECCB}.Release|x86.ActiveCfg = Release|Any CPU
		{5E643D2D-B56C-4AB4-8BEC-508B5437ECCB}.Release|x86.Build.0 = Release|Any CPU
		{93D77D7F-75AC-403E-A960-9B9D29231820}.Debug|Any CPU.ActiveCfg = Debug|Any CPU
		{93D77D7F-75AC-403E-A960-9B9D29231820}.Debug|Any CPU.Build.0 = Debug|Any CPU
		{93D77D7F-75AC-403E-A960-9B9D29231820}.Debug|x64.ActiveCfg = Debug|Any CPU
		{93D77D7F-75AC-403E-A960-9B9D29231820}.Debug|x64.Build.0 = Debug|Any CPU
		{93D77D7F-75AC-403E-A960-9B9D29231820}.Debug|x86.ActiveCfg = Debug|Any CPU
		{93D77D7F-75AC-403E-A960-9B9D29231820}.Debug|x86.Build.0 = Debug|Any CPU
		{93D77D7F-75AC-403E-A960-9B9D29231820}.Release|Any CPU.ActiveCfg = Release|Any CPU
		{93D77D7F-75AC-403E-A960-9B9D29231820}.Release|Any CPU.Build.0 = Release|Any CPU
		{93D77D7F-75AC-403E-A960-9B9D29231820}.Release|x64.ActiveCfg = Release|Any CPU
		{93D77D7F-75AC-403E-A960-9B9D29231820}.Release|x64.Build.0 = Release|Any CPU
		{93D77D7F-75AC-403E-A960-9B9D29231820}.Release|x86.ActiveCfg = Release|Any CPU
		{93D77D7F-75AC-403E-A960-9B9D29231820}.Release|x86.Build.0 = Release|Any CPU
	EndGlobalSection
EndGlobal
